
Microsoft Visual Studio Solution File, Format Version 12.00
# Visual Studio 15
VisualStudioVersion = 15.0.27703.2035
MinimumVisualStudioVersion = 10.0.40219.1
Project("{9A19103F-16F7-4668-BE54-9A1E7A4F7556}") = "Sneaking", "Sneaking\Sneaking.csproj", "{DB34D1B7-F591-4EAF-A64C-12FE5F9124B1}"
EndProject
Project("{9A19103F-16F7-4668-BE54-9A1E7A4F7556}") = "Crypto_Blockchain", "Crypto_Blockchain\Crypto_Blockchain.csproj", "{1FCEE731-D1BA-47A9-A491-844584B4CE0A}"
EndProject
Project("{9A19103F-16F7-4668-BE54-9A1E7A4F7556}") = "Key_Revolver", "Key_Revolver\Key_Revolver.csproj", "{82EE9F5B-9D2F-46AB-BA5D-1C226D860FDE}"
EndProject
Project("{9A19103F-16F7-4668-BE54-9A1E7A4F7556}") = "Hit_List", "Hit_List\Hit_List.csproj", "{13D8697C-2F26-4472-AFB9-C92E6DF3E74C}"
EndProject
Project("{9A19103F-16F7-4668-BE54-9A1E7A4F7556}") = "Regeh", "Regeh\Regeh.csproj", "{F170404F-77C6-4732-B6CA-2F36E53563D8}"
EndProject
Project("{9A19103F-16F7-4668-BE54-9A1E7A4F7556}") = "Knight_Game", "Knight_Game\Knight_Game.csproj", "{A21095D7-9DFE-46AF-B93C-5CFA369CC9A2}"
EndProject
Project("{9A19103F-16F7-4668-BE54-9A1E7A4F7556}") = "Number_Wars", "Number_Wars\Number_Wars.csproj", "{8CE73773-EE87-4F7F-800A-4B89B440A75A}"
EndProject
Project("{9A19103F-16F7-4668-BE54-9A1E7A4F7556}") = "Hospital", "Hospital\Hospital.csproj", "{4091D624-D411-4798-AB59-A0358FE5198F}"
EndProject
Project("{9A19103F-16F7-4668-BE54-9A1E7A4F7556}") = "Dangerous_Floor", "Dangerous_Floor\Dangerous_Floor.csproj", "{3BF2544E-4AC1-4C01-ACC2-F4C32022F1D1}"
EndProject
Project("{FAE04EC0-301F-11D3-BF4B-00C04F79EFBC}") = "Crypto_Master", "Crypto_Master\Crypto_Master.csproj", "{CD5A0AAA-D892-4317-A988-962F68A9F6A7}"
EndProject
Project("{FAE04EC0-301F-11D3-BF4B-00C04F79EFBC}") = "Greedy_Times", "Greedy_Times\Greedy_Times.csproj", "{77BEF7A0-EFDA-4E0A-887A-DE055E74924C}"
EndProject
Project("{FAE04EC0-301F-11D3-BF4B-00C04F79EFBC}") = "Treasure_Map", "Treasure_Map\Treasure_Map.csproj", "{8851FEEF-7CFB-4C4A-976A-E1EF8E0634A5}"
EndProject
Global
	GlobalSection(SolutionConfigurationPlatforms) = preSolution
		Debug|Any CPU = Debug|Any CPU
		Release|Any CPU = Release|Any CPU
	EndGlobalSection
	GlobalSection(ProjectConfigurationPlatforms) = postSolution
		{DB34D1B7-F591-4EAF-A64C-12FE5F9124B1}.Debug|Any CPU.ActiveCfg = Debug|Any CPU
		{DB34D1B7-F591-4EAF-A64C-12FE5F9124B1}.Debug|Any CPU.Build.0 = Debug|Any CPU
		{DB34D1B7-F591-4EAF-A64C-12FE5F9124B1}.Release|Any CPU.ActiveCfg = Release|Any CPU
		{DB34D1B7-F591-4EAF-A64C-12FE5F9124B1}.Release|Any CPU.Build.0 = Release|Any CPU
		{1FCEE731-D1BA-47A9-A491-844584B4CE0A}.Debug|Any CPU.ActiveCfg = Debug|Any CPU
		{1FCEE731-D1BA-47A9-A491-844584B4CE0A}.Debug|Any CPU.Build.0 = Debug|Any CPU
		{1FCEE731-D1BA-47A9-A491-844584B4CE0A}.Release|Any CPU.ActiveCfg = Release|Any CPU
		{1FCEE731-D1BA-47A9-A491-844584B4CE0A}.Release|Any CPU.Build.0 = Release|Any CPU
		{82EE9F5B-9D2F-46AB-BA5D-1C226D860FDE}.Debug|Any CPU.ActiveCfg = Debug|Any CPU
		{82EE9F5B-9D2F-46AB-BA5D-1C226D860FDE}.Debug|Any CPU.Build.0 = Debug|Any CPU
		{82EE9F5B-9D2F-46AB-BA5D-1C226D860FDE}.Release|Any CPU.ActiveCfg = Release|Any CPU
		{82EE9F5B-9D2F-46AB-BA5D-1C226D860FDE}.Release|Any CPU.Build.0 = Release|Any CPU
		{13D8697C-2F26-4472-AFB9-C92E6DF3E74C}.Debug|Any CPU.ActiveCfg = Debug|Any CPU
		{13D8697C-2F26-4472-AFB9-C92E6DF3E74C}.Debug|Any CPU.Build.0 = Debug|Any CPU
		{13D8697C-2F26-4472-AFB9-C92E6DF3E74C}.Release|Any CPU.ActiveCfg = Release|Any CPU
		{13D8697C-2F26-4472-AFB9-C92E6DF3E74C}.Release|Any CPU.Build.0 = Release|Any CPU
		{F170404F-77C6-4732-B6CA-2F36E53563D8}.Debug|Any CPU.ActiveCfg = Debug|Any CPU
		{F170404F-77C6-4732-B6CA-2F36E53563D8}.Debug|Any CPU.Build.0 = Debug|Any CPU
		{F170404F-77C6-4732-B6CA-2F36E53563D8}.Release|Any CPU.ActiveCfg = Release|Any CPU
		{F170404F-77C6-4732-B6CA-2F36E53563D8}.Release|Any CPU.Build.0 = Release|Any CPU
		{A21095D7-9DFE-46AF-B93C-5CFA369CC9A2}.Debug|Any CPU.ActiveCfg = Debug|Any CPU
		{A21095D7-9DFE-46AF-B93C-5CFA369CC9A2}.Debug|Any CPU.Build.0 = Debug|Any CPU
		{A21095D7-9DFE-46AF-B93C-5CFA369CC9A2}.Release|Any CPU.ActiveCfg = Release|Any CPU
		{A21095D7-9DFE-46AF-B93C-5CFA369CC9A2}.Release|Any CPU.Build.0 = Release|Any CPU
		{8CE73773-EE87-4F7F-800A-4B89B440A75A}.Debug|Any CPU.ActiveCfg = Debug|Any CPU
		{8CE73773-EE87-4F7F-800A-4B89B440A75A}.Debug|Any CPU.Build.0 = Debug|Any CPU
		{8CE73773-EE87-4F7F-800A-4B89B440A75A}.Release|Any CPU.ActiveCfg = Release|Any CPU
		{8CE73773-EE87-4F7F-800A-4B89B440A75A}.Release|Any CPU.Build.0 = Release|Any CPU
		{4091D624-D411-4798-AB59-A0358FE5198F}.Debug|Any CPU.ActiveCfg = Debug|Any CPU
		{4091D624-D411-4798-AB59-A0358FE5198F}.Debug|Any CPU.Build.0 = Debug|Any CPU
		{4091D624-D411-4798-AB59-A0358FE5198F}.Release|Any CPU.ActiveCfg = Release|Any CPU
		{4091D624-D411-4798-AB59-A0358FE5198F}.Release|Any CPU.Build.0 = Release|Any CPU
		{3BF2544E-4AC1-4C01-ACC2-F4C32022F1D1}.Debug|Any CPU.ActiveCfg = Debug|Any CPU
		{3BF2544E-4AC1-4C01-ACC2-F4C32022F1D1}.Debug|Any CPU.Build.0 = Debug|Any CPU
		{3BF2544E-4AC1-4C01-ACC2-F4C32022F1D1}.Release|Any CPU.ActiveCfg = Release|Any CPU
		{3BF2544E-4AC1-4C01-ACC2-F4C32022F1D1}.Release|Any CPU.Build.0 = Release|Any CPU
		{CD5A0AAA-D892-4317-A988-962F68A9F6A7}.Debug|Any CPU.ActiveCfg = Debug|Any CPU
		{CD5A0AAA-D892-4317-A988-962F68A9F6A7}.Debug|Any CPU.Build.0 = Debug|Any CPU
		{CD5A0AAA-D892-4317-A988-962F68A9F6A7}.Release|Any CPU.ActiveCfg = Release|Any CPU
		{CD5A0AAA-D892-4317-A988-962F68A9F6A7}.Release|Any CPU.Build.0 = Release|Any CPU
		{77BEF7A0-EFDA-4E0A-887A-DE055E74924C}.Debug|Any CPU.ActiveCfg = Debug|Any CPU
		{77BEF7A0-EFDA-4E0A-887A-DE055E74924C}.Debug|Any CPU.Build.0 = Debug|Any CPU
		{77BEF7A0-EFDA-4E0A-887A-DE055E74924C}.Release|Any CPU.ActiveCfg = Release|Any CPU
		{77BEF7A0-EFDA-4E0A-887A-DE055E74924C}.Release|Any CPU.Build.0 = Release|Any CPU
		{8851FEEF-7CFB-4C4A-976A-E1EF8E0634A5}.Debug|Any CPU.ActiveCfg = Debug|Any CPU
		{8851FEEF-7CFB-4C4A-976A-E1EF8E0634A5}.Debug|Any CPU.Build.0 = Debug|Any CPU
		{8851FEEF-7CFB-4C4A-976A-E1EF8E0634A5}.Release|Any CPU.ActiveCfg = Release|Any CPU
		{8851FEEF-7CFB-4C4A-976A-E1EF8E0634A5}.Release|Any CPU.Build.0 = Release|Any CPU
	EndGlobalSection
	GlobalSection(SolutionProperties) = preSolution
		HideSolutionNode = FALSE
	EndGlobalSection
	GlobalSection(ExtensibilityGlobals) = postSolution
		SolutionGuid = {8114FE5B-AE88-4762-B427-4B4AB4088268}
	EndGlobalSection
EndGlobal
