
Microsoft Visual Studio Solution File, Format Version 12.00
# Visual Studio 15
VisualStudioVersion = 15.0.27130.2036
MinimumVisualStudioVersion = 10.0.40219.1
Project("{9A19103F-16F7-4668-BE54-9A1E7A4F7556}") = "Rage_Expenses", "Rage_Expenses\Rage_Expenses.csproj", "{BFA35B81-A2DF-4311-A844-061F6F00A0E9}"
EndProject
Project("{9A19103F-16F7-4668-BE54-9A1E7A4F7556}") = "Memory_View", "Memory_View\Memory_View.csproj", "{025DCBE8-93B6-4715-A6F2-B43A70FA7644}"
EndProject
Project("{FAE04EC0-301F-11D3-BF4B-00C04F79EFBC}") = "Tseam_Account", "Tseam_Account\Tseam_Account.csproj", "{8869A77E-D098-4A7F-A99E-C95A993AFB8E}"
EndProject
Project("{FAE04EC0-301F-11D3-BF4B-00C04F79EFBC}") = "MOBA_Challenger", "MOBA_Challenger\MOBA_Challenger.csproj", "{C4F408D6-700D-4ACC-81C2-64A444106669}"
EndProject
Global
	GlobalSection(SolutionConfigurationPlatforms) = preSolution
		Debug|Any CPU = Debug|Any CPU
		Release|Any CPU = Release|Any CPU
	EndGlobalSection
	GlobalSection(ProjectConfigurationPlatforms) = postSolution
		{BFA35B81-A2DF-4311-A844-061F6F00A0E9}.Debug|Any CPU.ActiveCfg = Debug|Any CPU
		{BFA35B81-A2DF-4311-A844-061F6F00A0E9}.Debug|Any CPU.Build.0 = Debug|Any CPU
		{BFA35B81-A2DF-4311-A844-061F6F00A0E9}.Release|Any CPU.ActiveCfg = Release|Any CPU
		{BFA35B81-A2DF-4311-A844-061F6F00A0E9}.Release|Any CPU.Build.0 = Release|Any CPU
		{025DCBE8-93B6-4715-A6F2-B43A70FA7644}.Debug|Any CPU.ActiveCfg = Debug|Any CPU
		{025DCBE8-93B6-4715-A6F2-B43A70FA7644}.Debug|Any CPU.Build.0 = Debug|Any CPU
		{025DCBE8-93B6-4715-A6F2-B43A70FA7644}.Release|Any CPU.ActiveCfg = Release|Any CPU
		{025DCBE8-93B6-4715-A6F2-B43A70FA7644}.Release|Any CPU.Build.0 = Release|Any CPU
		{8869A77E-D098-4A7F-A99E-C95A993AFB8E}.Debug|Any CPU.ActiveCfg = Debug|Any CPU
		{8869A77E-D098-4A7F-A99E-C95A993AFB8E}.Debug|Any CPU.Build.0 = Debug|Any CPU
		{8869A77E-D098-4A7F-A99E-C95A993AFB8E}.Release|Any CPU.ActiveCfg = Release|Any CPU
		{8869A77E-D098-4A7F-A99E-C95A993AFB8E}.Release|Any CPU.Build.0 = Release|Any CPU
		{C4F408D6-700D-4ACC-81C2-64A444106669}.Debug|Any CPU.ActiveCfg = Debug|Any CPU
		{C4F408D6-700D-4ACC-81C2-64A444106669}.Debug|Any CPU.Build.0 = Debug|Any CPU
		{C4F408D6-700D-4ACC-81C2-64A444106669}.Release|Any CPU.ActiveCfg = Release|Any CPU
		{C4F408D6-700D-4ACC-81C2-64A444106669}.Release|Any CPU.Build.0 = Release|Any CPU
	EndGlobalSection
	GlobalSection(SolutionProperties) = preSolution
		HideSolutionNode = FALSE
	EndGlobalSection
	GlobalSection(ExtensibilityGlobals) = postSolution
		SolutionGuid = {816EC988-F509-47B5-83E3-8015FC9F5A8D}
	EndGlobalSection
EndGlobal
