
Microsoft Visual Studio Solution File, Format Version 12.00
# Visual Studio 15
VisualStudioVersion = 15.0.27703.2035
MinimumVisualStudioVersion = 10.0.40219.1
Project("{FAE04EC0-301F-11D3-BF4B-00C04F79EFBC}") = "Shapes", "Shapes\Shapes.csproj", "{574D455F-C13D-4675-986C-2A05B246108D}"
EndProject
Project("{FAE04EC0-301F-11D3-BF4B-00C04F79EFBC}") = "Cars", "Cars\Cars.csproj", "{99907B74-113C-4842-B307-734D1FBABBB1}"
EndProject
Global
	GlobalSection(SolutionConfigurationPlatforms) = preSolution
		Debug|Any CPU = Debug|Any CPU
		Release|Any CPU = Release|Any CPU
	EndGlobalSection
	GlobalSection(ProjectConfigurationPlatforms) = postSolution
		{574D455F-C13D-4675-986C-2A05B246108D}.Debug|Any CPU.ActiveCfg = Debug|Any CPU
		{574D455F-C13D-4675-986C-2A05B246108D}.Debug|Any CPU.Build.0 = Debug|Any CPU
		{574D455F-C13D-4675-986C-2A05B246108D}.Release|Any CPU.ActiveCfg = Release|Any CPU
		{574D455F-C13D-4675-986C-2A05B246108D}.Release|Any CPU.Build.0 = Release|Any CPU
		{99907B74-113C-4842-B307-734D1FBABBB1}.Debug|Any CPU.ActiveCfg = Debug|Any CPU
		{99907B74-113C-4842-B307-734D1FBABBB1}.Debug|Any CPU.Build.0 = Debug|Any CPU
		{99907B74-113C-4842-B307-734D1FBABBB1}.Release|Any CPU.ActiveCfg = Release|Any CPU
		{99907B74-113C-4842-B307-734D1FBABBB1}.Release|Any CPU.Build.0 = Release|Any CPU
	EndGlobalSection
	GlobalSection(SolutionProperties) = preSolution
		HideSolutionNode = FALSE
	EndGlobalSection
	GlobalSection(ExtensibilityGlobals) = postSolution
		SolutionGuid = {44E5D95E-CC6C-4138-8ABA-92B094A5D122}
	EndGlobalSection
EndGlobal
