
Microsoft Visual Studio Solution File, Format Version 12.00
# Visual Studio 15
VisualStudioVersion = 15.0.27130.2036
MinimumVisualStudioVersion = 10.0.40219.1
Project("{9A19103F-16F7-4668-BE54-9A1E7A4F7556}") = "Sort_Even_Numbers", "Sort_Even_Numbers\Sort_Even_Numbers.csproj", "{43F5F4B3-F4F1-425B-B47C-FD642AE22D58}"
EndProject
Project("{9A19103F-16F7-4668-BE54-9A1E7A4F7556}") = "Sum_Numbers", "Sum_Numbers\Sum_Numbers.csproj", "{B12455F8-8FAF-49BF-AB55-FFA62DFEC8E0}"
EndProject
Project("{9A19103F-16F7-4668-BE54-9A1E7A4F7556}") = "Count_Uppercase_Words", "Count_Uppercase_Words\Count_Uppercase_Words.csproj", "{2CBF6569-480A-4211-B4D8-4C110FA2B00A}"
EndProject
Project("{9A19103F-16F7-4668-BE54-9A1E7A4F7556}") = "Add_VAT", "Add_VAT\Add_VAT.csproj", "{F86E5146-7658-4B72-9CAE-283EAE63D3A7}"
EndProject
Project("{9A19103F-16F7-4668-BE54-9A1E7A4F7556}") = "Action_Print", "Action_Print\Action_Print.csproj", "{A6233A5D-EF45-46DF-9FAC-BA714490C265}"
EndProject
Project("{9A19103F-16F7-4668-BE54-9A1E7A4F7556}") = "Knights_of_Honor", "Knights_of_Honor\Knights_of_Honor.csproj", "{91AE28FB-FD5A-44E1-B5B1-403CF8900D60}"
EndProject
Project("{9A19103F-16F7-4668-BE54-9A1E7A4F7556}") = "Custom_Min_Function", "Custom_Min_Function\Custom_Min_Function.csproj", "{C69F245C-E627-447C-A037-61F6FE39E6EF}"
EndProject
Project("{9A19103F-16F7-4668-BE54-9A1E7A4F7556}") = "Find_Evens_or_Odds", "Find_Evens_or_Odds\Find_Evens_or_Odds.csproj", "{EFB33C51-0A65-487A-9B9E-4CB6C82289F7}"
EndProject
Project("{9A19103F-16F7-4668-BE54-9A1E7A4F7556}") = "Applied_Arithmetics", "Applied_Arithmetics\Applied_Arithmetics.csproj", "{2868CC91-E384-4987-97FB-1E7852E7C639}"
EndProject
Project("{9A19103F-16F7-4668-BE54-9A1E7A4F7556}") = "Reverse_and_Exclude", "Reverse_and_Exclude\Reverse_and_Exclude.csproj", "{9923360C-7F5E-433C-A304-4676E17971DC}"
EndProject
Project("{9A19103F-16F7-4668-BE54-9A1E7A4F7556}") = "Predicate_For_Names", "Predicate_For_Names\Predicate_For_Names.csproj", "{E576DB50-12E2-4B08-8173-5647B81208B4}"
EndProject
Project("{9A19103F-16F7-4668-BE54-9A1E7A4F7556}") = "Custom_Comparator", "Custom_Comparator\Custom_Comparator.csproj", "{5D5785A6-E261-4AEA-9754-FFAF0DED33DA}"
EndProject
Project("{9A19103F-16F7-4668-BE54-9A1E7A4F7556}") = "List_of_Predicates", "List_of_Predicates\List_of_Predicates.csproj", "{92BE5C09-D629-4011-B546-FE3679000325}"
EndProject
Project("{FAE04EC0-301F-11D3-BF4B-00C04F79EFBC}") = "Predicate_Party", "Predicate_Party\Predicate_Party.csproj", "{137003FA-7235-432D-9F6E-097BC681E6CC}"
EndProject
Global
	GlobalSection(SolutionConfigurationPlatforms) = preSolution
		Debug|Any CPU = Debug|Any CPU
		Release|Any CPU = Release|Any CPU
	EndGlobalSection
	GlobalSection(ProjectConfigurationPlatforms) = postSolution
		{43F5F4B3-F4F1-425B-B47C-FD642AE22D58}.Debug|Any CPU.ActiveCfg = Debug|Any CPU
		{43F5F4B3-F4F1-425B-B47C-FD642AE22D58}.Debug|Any CPU.Build.0 = Debug|Any CPU
		{43F5F4B3-F4F1-425B-B47C-FD642AE22D58}.Release|Any CPU.ActiveCfg = Release|Any CPU
		{43F5F4B3-F4F1-425B-B47C-FD642AE22D58}.Release|Any CPU.Build.0 = Release|Any CPU
		{B12455F8-8FAF-49BF-AB55-FFA62DFEC8E0}.Debug|Any CPU.ActiveCfg = Debug|Any CPU
		{B12455F8-8FAF-49BF-AB55-FFA62DFEC8E0}.Debug|Any CPU.Build.0 = Debug|Any CPU
		{B12455F8-8FAF-49BF-AB55-FFA62DFEC8E0}.Release|Any CPU.ActiveCfg = Release|Any CPU
		{B12455F8-8FAF-49BF-AB55-FFA62DFEC8E0}.Release|Any CPU.Build.0 = Release|Any CPU
		{2CBF6569-480A-4211-B4D8-4C110FA2B00A}.Debug|Any CPU.ActiveCfg = Debug|Any CPU
		{2CBF6569-480A-4211-B4D8-4C110FA2B00A}.Debug|Any CPU.Build.0 = Debug|Any CPU
		{2CBF6569-480A-4211-B4D8-4C110FA2B00A}.Release|Any CPU.ActiveCfg = Release|Any CPU
		{2CBF6569-480A-4211-B4D8-4C110FA2B00A}.Release|Any CPU.Build.0 = Release|Any CPU
		{F86E5146-7658-4B72-9CAE-283EAE63D3A7}.Debug|Any CPU.ActiveCfg = Debug|Any CPU
		{F86E5146-7658-4B72-9CAE-283EAE63D3A7}.Debug|Any CPU.Build.0 = Debug|Any CPU
		{F86E5146-7658-4B72-9CAE-283EAE63D3A7}.Release|Any CPU.ActiveCfg = Release|Any CPU
		{F86E5146-7658-4B72-9CAE-283EAE63D3A7}.Release|Any CPU.Build.0 = Release|Any CPU
		{A6233A5D-EF45-46DF-9FAC-BA714490C265}.Debug|Any CPU.ActiveCfg = Debug|Any CPU
		{A6233A5D-EF45-46DF-9FAC-BA714490C265}.Debug|Any CPU.Build.0 = Debug|Any CPU
		{A6233A5D-EF45-46DF-9FAC-BA714490C265}.Release|Any CPU.ActiveCfg = Release|Any CPU
		{A6233A5D-EF45-46DF-9FAC-BA714490C265}.Release|Any CPU.Build.0 = Release|Any CPU
		{91AE28FB-FD5A-44E1-B5B1-403CF8900D60}.Debug|Any CPU.ActiveCfg = Debug|Any CPU
		{91AE28FB-FD5A-44E1-B5B1-403CF8900D60}.Debug|Any CPU.Build.0 = Debug|Any CPU
		{91AE28FB-FD5A-44E1-B5B1-403CF8900D60}.Release|Any CPU.ActiveCfg = Release|Any CPU
		{91AE28FB-FD5A-44E1-B5B1-403CF8900D60}.Release|Any CPU.Build.0 = Release|Any CPU
		{C69F245C-E627-447C-A037-61F6FE39E6EF}.Debug|Any CPU.ActiveCfg = Debug|Any CPU
		{C69F245C-E627-447C-A037-61F6FE39E6EF}.Debug|Any CPU.Build.0 = Debug|Any CPU
		{C69F245C-E627-447C-A037-61F6FE39E6EF}.Release|Any CPU.ActiveCfg = Release|Any CPU
		{C69F245C-E627-447C-A037-61F6FE39E6EF}.Release|Any CPU.Build.0 = Release|Any CPU
		{EFB33C51-0A65-487A-9B9E-4CB6C82289F7}.Debug|Any CPU.ActiveCfg = Debug|Any CPU
		{EFB33C51-0A65-487A-9B9E-4CB6C82289F7}.Debug|Any CPU.Build.0 = Debug|Any CPU
		{EFB33C51-0A65-487A-9B9E-4CB6C82289F7}.Release|Any CPU.ActiveCfg = Release|Any CPU
		{EFB33C51-0A65-487A-9B9E-4CB6C82289F7}.Release|Any CPU.Build.0 = Release|Any CPU
		{2868CC91-E384-4987-97FB-1E7852E7C639}.Debug|Any CPU.ActiveCfg = Debug|Any CPU
		{2868CC91-E384-4987-97FB-1E7852E7C639}.Debug|Any CPU.Build.0 = Debug|Any CPU
		{2868CC91-E384-4987-97FB-1E7852E7C639}.Release|Any CPU.ActiveCfg = Release|Any CPU
		{2868CC91-E384-4987-97FB-1E7852E7C639}.Release|Any CPU.Build.0 = Release|Any CPU
		{9923360C-7F5E-433C-A304-4676E17971DC}.Debug|Any CPU.ActiveCfg = Debug|Any CPU
		{9923360C-7F5E-433C-A304-4676E17971DC}.Debug|Any CPU.Build.0 = Debug|Any CPU
		{9923360C-7F5E-433C-A304-4676E17971DC}.Release|Any CPU.ActiveCfg = Release|Any CPU
		{9923360C-7F5E-433C-A304-4676E17971DC}.Release|Any CPU.Build.0 = Release|Any CPU
		{E576DB50-12E2-4B08-8173-5647B81208B4}.Debug|Any CPU.ActiveCfg = Debug|Any CPU
		{E576DB50-12E2-4B08-8173-5647B81208B4}.Debug|Any CPU.Build.0 = Debug|Any CPU
		{E576DB50-12E2-4B08-8173-5647B81208B4}.Release|Any CPU.ActiveCfg = Release|Any CPU
		{E576DB50-12E2-4B08-8173-5647B81208B4}.Release|Any CPU.Build.0 = Release|Any CPU
		{5D5785A6-E261-4AEA-9754-FFAF0DED33DA}.Debug|Any CPU.ActiveCfg = Debug|Any CPU
		{5D5785A6-E261-4AEA-9754-FFAF0DED33DA}.Debug|Any CPU.Build.0 = Debug|Any CPU
		{5D5785A6-E261-4AEA-9754-FFAF0DED33DA}.Release|Any CPU.ActiveCfg = Release|Any CPU
		{5D5785A6-E261-4AEA-9754-FFAF0DED33DA}.Release|Any CPU.Build.0 = Release|Any CPU
		{92BE5C09-D629-4011-B546-FE3679000325}.Debug|Any CPU.ActiveCfg = Debug|Any CPU
		{92BE5C09-D629-4011-B546-FE3679000325}.Debug|Any CPU.Build.0 = Debug|Any CPU
		{92BE5C09-D629-4011-B546-FE3679000325}.Release|Any CPU.ActiveCfg = Release|Any CPU
		{92BE5C09-D629-4011-B546-FE3679000325}.Release|Any CPU.Build.0 = Release|Any CPU
		{137003FA-7235-432D-9F6E-097BC681E6CC}.Debug|Any CPU.ActiveCfg = Debug|Any CPU
		{137003FA-7235-432D-9F6E-097BC681E6CC}.Debug|Any CPU.Build.0 = Debug|Any CPU
		{137003FA-7235-432D-9F6E-097BC681E6CC}.Release|Any CPU.ActiveCfg = Release|Any CPU
		{137003FA-7235-432D-9F6E-097BC681E6CC}.Release|Any CPU.Build.0 = Release|Any CPU
	EndGlobalSection
	GlobalSection(SolutionProperties) = preSolution
		HideSolutionNode = FALSE
	EndGlobalSection
	GlobalSection(ExtensibilityGlobals) = postSolution
		SolutionGuid = {0551633F-7C40-49E5-8E46-CE72285B83C6}
	EndGlobalSection
EndGlobal
