
Microsoft Visual Studio Solution File, Format Version 12.00
# Visual Studio 15
VisualStudioVersion = 15.0.27703.2035
MinimumVisualStudioVersion = 10.0.40219.1
Project("{FAE04EC0-301F-11D3-BF4B-00C04F79EFBC}") = "Library", "Library\Library.csproj", "{E1EC5BA7-6084-42D5-B60A-C821583770EE}"
EndProject
Project("{FAE04EC0-301F-11D3-BF4B-00C04F79EFBC}") = "Library_Iterator", "LibraryIterator\Library_Iterator.csproj", "{7A07A6AB-5F6B-4D25-B6DC-0F89D47312FC}"
EndProject
Project("{FAE04EC0-301F-11D3-BF4B-00C04F79EFBC}") = "Comparable_Book", "ComparableBook\Comparable_Book.csproj", "{7709B059-10B9-44E9-A3DD-11B68DF09BEB}"
EndProject
Project("{FAE04EC0-301F-11D3-BF4B-00C04F79EFBC}") = "Book_Comparer", "Book_Comparer\Book_Comparer.csproj", "{8585B2DF-7919-4987-BA02-9A4EBD9D3D03}"
EndProject
Global
	GlobalSection(SolutionConfigurationPlatforms) = preSolution
		Debug|Any CPU = Debug|Any CPU
		Release|Any CPU = Release|Any CPU
	EndGlobalSection
	GlobalSection(ProjectConfigurationPlatforms) = postSolution
		{E1EC5BA7-6084-42D5-B60A-C821583770EE}.Debug|Any CPU.ActiveCfg = Debug|Any CPU
		{E1EC5BA7-6084-42D5-B60A-C821583770EE}.Debug|Any CPU.Build.0 = Debug|Any CPU
		{E1EC5BA7-6084-42D5-B60A-C821583770EE}.Release|Any CPU.ActiveCfg = Release|Any CPU
		{E1EC5BA7-6084-42D5-B60A-C821583770EE}.Release|Any CPU.Build.0 = Release|Any CPU
		{7A07A6AB-5F6B-4D25-B6DC-0F89D47312FC}.Debug|Any CPU.ActiveCfg = Debug|Any CPU
		{7A07A6AB-5F6B-4D25-B6DC-0F89D47312FC}.Debug|Any CPU.Build.0 = Debug|Any CPU
		{7A07A6AB-5F6B-4D25-B6DC-0F89D47312FC}.Release|Any CPU.ActiveCfg = Release|Any CPU
		{7A07A6AB-5F6B-4D25-B6DC-0F89D47312FC}.Release|Any CPU.Build.0 = Release|Any CPU
		{7709B059-10B9-44E9-A3DD-11B68DF09BEB}.Debug|Any CPU.ActiveCfg = Debug|Any CPU
		{7709B059-10B9-44E9-A3DD-11B68DF09BEB}.Debug|Any CPU.Build.0 = Debug|Any CPU
		{7709B059-10B9-44E9-A3DD-11B68DF09BEB}.Release|Any CPU.ActiveCfg = Release|Any CPU
		{7709B059-10B9-44E9-A3DD-11B68DF09BEB}.Release|Any CPU.Build.0 = Release|Any CPU
		{8585B2DF-7919-4987-BA02-9A4EBD9D3D03}.Debug|Any CPU.ActiveCfg = Debug|Any CPU
		{8585B2DF-7919-4987-BA02-9A4EBD9D3D03}.Debug|Any CPU.Build.0 = Debug|Any CPU
		{8585B2DF-7919-4987-BA02-9A4EBD9D3D03}.Release|Any CPU.ActiveCfg = Release|Any CPU
		{8585B2DF-7919-4987-BA02-9A4EBD9D3D03}.Release|Any CPU.Build.0 = Release|Any CPU
	EndGlobalSection
	GlobalSection(SolutionProperties) = preSolution
		HideSolutionNode = FALSE
	EndGlobalSection
	GlobalSection(ExtensibilityGlobals) = postSolution
		SolutionGuid = {6F8E1CEF-7D36-418E-9A86-13DF03A873DA}
	EndGlobalSection
EndGlobal
