
Microsoft Visual Studio Solution File, Format Version 12.00
# Visual Studio 15
VisualStudioVersion = 15.0.27703.2035
MinimumVisualStudioVersion = 10.0.40219.1
Project("{9A19103F-16F7-4668-BE54-9A1E7A4F7556}") = "SIS.Demo", "SIS\SIS.Demo.csproj", "{4B61584C-ED3B-4DD0-B890-ADE1AB4967B2}"
EndProject
Project("{9A19103F-16F7-4668-BE54-9A1E7A4F7556}") = "SIS.HTTP", "SIS.HTTP\SIS.HTTP.csproj", "{FE1EEF5D-F7EA-41EC-9EBA-1BBC353B6696}"
EndProject
Project("{9A19103F-16F7-4668-BE54-9A1E7A4F7556}") = "SIS.WebServer", "SIS.WebServer\SIS.WebServer.csproj", "{42C3C9C8-5026-4D90-8315-B3AD2C1656E3}"
EndProject
Project("{9A19103F-16F7-4668-BE54-9A1E7A4F7556}") = "Even_Numbers_Thread", "Even_Numbers_Thread\Even_Numbers_Thread.csproj", "{A1730EDE-C807-46E9-A213-E92C9859ED08}"
EndProject
Project("{9A19103F-16F7-4668-BE54-9A1E7A4F7556}") = "Slice_File", "Slice_File\Slice_File.csproj", "{CFD8D4BC-EFFA-4521-8E5B-DEC6C92ACC48}"
EndProject
Project("{FAE04EC0-301F-11D3-BF4B-00C04F79EFBC}") = "Simple_Web_Server", "Simple_Web_Server\Simple_Web_Server.csproj", "{457208C5-1DFE-409F-B442-F65266EB013B}"
EndProject
Global
	GlobalSection(SolutionConfigurationPlatforms) = preSolution
		Debug|Any CPU = Debug|Any CPU
		Release|Any CPU = Release|Any CPU
	EndGlobalSection
	GlobalSection(ProjectConfigurationPlatforms) = postSolution
		{4B61584C-ED3B-4DD0-B890-ADE1AB4967B2}.Debug|Any CPU.ActiveCfg = Debug|Any CPU
		{4B61584C-ED3B-4DD0-B890-ADE1AB4967B2}.Debug|Any CPU.Build.0 = Debug|Any CPU
		{4B61584C-ED3B-4DD0-B890-ADE1AB4967B2}.Release|Any CPU.ActiveCfg = Release|Any CPU
		{4B61584C-ED3B-4DD0-B890-ADE1AB4967B2}.Release|Any CPU.Build.0 = Release|Any CPU
		{FE1EEF5D-F7EA-41EC-9EBA-1BBC353B6696}.Debug|Any CPU.ActiveCfg = Debug|Any CPU
		{FE1EEF5D-F7EA-41EC-9EBA-1BBC353B6696}.Debug|Any CPU.Build.0 = Debug|Any CPU
		{FE1EEF5D-F7EA-41EC-9EBA-1BBC353B6696}.Release|Any CPU.ActiveCfg = Release|Any CPU
		{FE1EEF5D-F7EA-41EC-9EBA-1BBC353B6696}.Release|Any CPU.Build.0 = Release|Any CPU
		{42C3C9C8-5026-4D90-8315-B3AD2C1656E3}.Debug|Any CPU.ActiveCfg = Debug|Any CPU
		{42C3C9C8-5026-4D90-8315-B3AD2C1656E3}.Debug|Any CPU.Build.0 = Debug|Any CPU
		{42C3C9C8-5026-4D90-8315-B3AD2C1656E3}.Release|Any CPU.ActiveCfg = Release|Any CPU
		{42C3C9C8-5026-4D90-8315-B3AD2C1656E3}.Release|Any CPU.Build.0 = Release|Any CPU
		{A1730EDE-C807-46E9-A213-E92C9859ED08}.Debug|Any CPU.ActiveCfg = Debug|Any CPU
		{A1730EDE-C807-46E9-A213-E92C9859ED08}.Debug|Any CPU.Build.0 = Debug|Any CPU
		{A1730EDE-C807-46E9-A213-E92C9859ED08}.Release|Any CPU.ActiveCfg = Release|Any CPU
		{A1730EDE-C807-46E9-A213-E92C9859ED08}.Release|Any CPU.Build.0 = Release|Any CPU
		{CFD8D4BC-EFFA-4521-8E5B-DEC6C92ACC48}.Debug|Any CPU.ActiveCfg = Debug|Any CPU
		{CFD8D4BC-EFFA-4521-8E5B-DEC6C92ACC48}.Debug|Any CPU.Build.0 = Debug|Any CPU
		{CFD8D4BC-EFFA-4521-8E5B-DEC6C92ACC48}.Release|Any CPU.ActiveCfg = Release|Any CPU
		{CFD8D4BC-EFFA-4521-8E5B-DEC6C92ACC48}.Release|Any CPU.Build.0 = Release|Any CPU
		{457208C5-1DFE-409F-B442-F65266EB013B}.Debug|Any CPU.ActiveCfg = Debug|Any CPU
		{457208C5-1DFE-409F-B442-F65266EB013B}.Debug|Any CPU.Build.0 = Debug|Any CPU
		{457208C5-1DFE-409F-B442-F65266EB013B}.Release|Any CPU.ActiveCfg = Release|Any CPU
		{457208C5-1DFE-409F-B442-F65266EB013B}.Release|Any CPU.Build.0 = Release|Any CPU
	EndGlobalSection
	GlobalSection(SolutionProperties) = preSolution
		HideSolutionNode = FALSE
	EndGlobalSection
	GlobalSection(ExtensibilityGlobals) = postSolution
		SolutionGuid = {08B750B1-8AC4-4CD0-B136-87914CD42388}
	EndGlobalSection
EndGlobal
