
Microsoft Visual Studio Solution File, Format Version 12.00
# Visual Studio 15
VisualStudioVersion = 15.0.26403.7
MinimumVisualStudioVersion = 10.0.40219.1
Project("{FAE04EC0-301F-11D3-BF4B-00C04F79EFBC}") = "Minedraft", "Minedraft.csproj", "{2B8E833A-8D75-44C5-A88A-9B4B9FE1C036}"
EndProject
Project("{FAE04EC0-301F-11D3-BF4B-00C04F79EFBC}") = "MinedraftTests", "..\MinedraftTests\MinedraftTests.csproj", "{04FFD9A5-0FEE-4CA9-A6E4-D2EBDC348E29}"
EndProject
Global
	GlobalSection(SolutionConfigurationPlatforms) = preSolution
		Debug|Any CPU = Debug|Any CPU
		Release|Any CPU = Release|Any CPU
	EndGlobalSection
	GlobalSection(ProjectConfigurationPlatforms) = postSolution
		{2B8E833A-8D75-44C5-A88A-9B4B9FE1C036}.Debug|Any CPU.ActiveCfg = Debug|Any CPU
		{2B8E833A-8D75-44C5-A88A-9B4B9FE1C036}.Debug|Any CPU.Build.0 = Debug|Any CPU
		{2B8E833A-8D75-44C5-A88A-9B4B9FE1C036}.Release|Any CPU.ActiveCfg = Release|Any CPU
		{2B8E833A-8D75-44C5-A88A-9B4B9FE1C036}.Release|Any CPU.Build.0 = Release|Any CPU
		{04FFD9A5-0FEE-4CA9-A6E4-D2EBDC348E29}.Debug|Any CPU.ActiveCfg = Debug|Any CPU
		{04FFD9A5-0FEE-4CA9-A6E4-D2EBDC348E29}.Debug|Any CPU.Build.0 = Debug|Any CPU
		{04FFD9A5-0FEE-4CA9-A6E4-D2EBDC348E29}.Release|Any CPU.ActiveCfg = Release|Any CPU
		{04FFD9A5-0FEE-4CA9-A6E4-D2EBDC348E29}.Release|Any CPU.Build.0 = Release|Any CPU
	EndGlobalSection
	GlobalSection(SolutionProperties) = preSolution
		HideSolutionNode = FALSE
	EndGlobalSection
	GlobalSection(ExtensibilityGlobals) = postSolution
		SolutionGuid = {AA6051BF-6E76-4D68-ADE3-9DA627FD8806}
	EndGlobalSection
EndGlobal
