
Microsoft Visual Studio Solution File, Format Version 12.00
# Visual Studio 15
VisualStudioVersion = 15.0.27703.2035
MinimumVisualStudioVersion = 10.0.40219.1
Project("{FAE04EC0-301F-11D3-BF4B-00C04F79EFBC}") = "P01_BillsPaymentSystem.App", "P01_BillsPaymentSystem.App\P01_BillsPaymentSystem.App.csproj", "{8E638987-0C0A-4674-B0D4-FFC500DF6907}"
EndProject
Project("{FAE04EC0-301F-11D3-BF4B-00C04F79EFBC}") = "P01_BillsPaymentSystem.Data", "P01_BillsPaymentSystem.Data\P01_BillsPaymentSystem.Data.csproj", "{0CA1A9D4-5125-408B-938C-4A3271C79C9A}"
EndProject
Project("{FAE04EC0-301F-11D3-BF4B-00C04F79EFBC}") = "P01_BillsPaymentSystem.Data.Models", "P01_BillsPaymentSystem.Data.Models\P01_BillsPaymentSystem.Data.Models.csproj", "{71AD02FA-63FB-494F-9713-0C9A3DB56072}"
EndProject
Global
	GlobalSection(SolutionConfigurationPlatforms) = preSolution
		Debug|Any CPU = Debug|Any CPU
		Release|Any CPU = Release|Any CPU
	EndGlobalSection
	GlobalSection(ProjectConfigurationPlatforms) = postSolution
		{8E638987-0C0A-4674-B0D4-FFC500DF6907}.Debug|Any CPU.ActiveCfg = Debug|Any CPU
		{8E638987-0C0A-4674-B0D4-FFC500DF6907}.Debug|Any CPU.Build.0 = Debug|Any CPU
		{8E638987-0C0A-4674-B0D4-FFC500DF6907}.Release|Any CPU.ActiveCfg = Release|Any CPU
		{8E638987-0C0A-4674-B0D4-FFC500DF6907}.Release|Any CPU.Build.0 = Release|Any CPU
		{0CA1A9D4-5125-408B-938C-4A3271C79C9A}.Debug|Any CPU.ActiveCfg = Debug|Any CPU
		{0CA1A9D4-5125-408B-938C-4A3271C79C9A}.Debug|Any CPU.Build.0 = Debug|Any CPU
		{0CA1A9D4-5125-408B-938C-4A3271C79C9A}.Release|Any CPU.ActiveCfg = Release|Any CPU
		{0CA1A9D4-5125-408B-938C-4A3271C79C9A}.Release|Any CPU.Build.0 = Release|Any CPU
		{71AD02FA-63FB-494F-9713-0C9A3DB56072}.Debug|Any CPU.ActiveCfg = Debug|Any CPU
		{71AD02FA-63FB-494F-9713-0C9A3DB56072}.Debug|Any CPU.Build.0 = Debug|Any CPU
		{71AD02FA-63FB-494F-9713-0C9A3DB56072}.Release|Any CPU.ActiveCfg = Release|Any CPU
		{71AD02FA-63FB-494F-9713-0C9A3DB56072}.Release|Any CPU.Build.0 = Release|Any CPU
	EndGlobalSection
	GlobalSection(SolutionProperties) = preSolution
		HideSolutionNode = FALSE
	EndGlobalSection
	GlobalSection(ExtensibilityGlobals) = postSolution
		SolutionGuid = {0FFA87A5-AAC3-4E6E-8F1E-D37A80A70C7F}
	EndGlobalSection
EndGlobal
