
Microsoft Visual Studio Solution File, Format Version 12.00
# Visual Studio 15
VisualStudioVersion = 15.0.27004.2009
MinimumVisualStudioVersion = 10.0.40219.1
Project("{FAE04EC0-301F-11D3-BF4B-00C04F79EFBC}") = "ProductShop.App", "ProductShop.App\ProductShop.App.csproj", "{00A7ED54-3A54-43CB-A089-0EBE8D63CB03}"
EndProject
Project("{FAE04EC0-301F-11D3-BF4B-00C04F79EFBC}") = "ProductShop.Data", "ProductShop.Data\ProductShop.Data.csproj", "{3E6B4F7B-29DE-4CDB-B609-442E7DA89527}"
EndProject
Project("{FAE04EC0-301F-11D3-BF4B-00C04F79EFBC}") = "ProductShop.Models", "ProductShop.Models\ProductShop.Models.csproj", "{64243635-83AA-4733-A2C4-BB7AF7E5E030}"
EndProject
Global
	GlobalSection(SolutionConfigurationPlatforms) = preSolution
		Debug|Any CPU = Debug|Any CPU
		Release|Any CPU = Release|Any CPU
	EndGlobalSection
	GlobalSection(ProjectConfigurationPlatforms) = postSolution
		{00A7ED54-3A54-43CB-A089-0EBE8D63CB03}.Debug|Any CPU.ActiveCfg = Debug|Any CPU
		{00A7ED54-3A54-43CB-A089-0EBE8D63CB03}.Debug|Any CPU.Build.0 = Debug|Any CPU
		{00A7ED54-3A54-43CB-A089-0EBE8D63CB03}.Release|Any CPU.ActiveCfg = Release|Any CPU
		{00A7ED54-3A54-43CB-A089-0EBE8D63CB03}.Release|Any CPU.Build.0 = Release|Any CPU
		{3E6B4F7B-29DE-4CDB-B609-442E7DA89527}.Debug|Any CPU.ActiveCfg = Debug|Any CPU
		{3E6B4F7B-29DE-4CDB-B609-442E7DA89527}.Debug|Any CPU.Build.0 = Debug|Any CPU
		{3E6B4F7B-29DE-4CDB-B609-442E7DA89527}.Release|Any CPU.ActiveCfg = Release|Any CPU
		{3E6B4F7B-29DE-4CDB-B609-442E7DA89527}.Release|Any CPU.Build.0 = Release|Any CPU
		{64243635-83AA-4733-A2C4-BB7AF7E5E030}.Debug|Any CPU.ActiveCfg = Debug|Any CPU
		{64243635-83AA-4733-A2C4-BB7AF7E5E030}.Debug|Any CPU.Build.0 = Debug|Any CPU
		{64243635-83AA-4733-A2C4-BB7AF7E5E030}.Release|Any CPU.ActiveCfg = Release|Any CPU
		{64243635-83AA-4733-A2C4-BB7AF7E5E030}.Release|Any CPU.Build.0 = Release|Any CPU
	EndGlobalSection
	GlobalSection(SolutionProperties) = preSolution
		HideSolutionNode = FALSE
	EndGlobalSection
	GlobalSection(ExtensibilityGlobals) = postSolution
		SolutionGuid = {B293DFE1-23D6-46E2-8A33-EB1013B9CF0A}
	EndGlobalSection
EndGlobal
